// !$*UTF8*$!
{
	archiveVersion = 1;
	classes = {
	};
	objectVersion = 50;
	objects = {

/* Begin PBXBuildFile section */
		9F1A9B2C2271A0BC004DD56D /* AppDelegate.swift in Sources */ = {isa = PBXBuildFile; fileRef = 9F1A9B2B2271A0BC004DD56D /* AppDelegate.swift */; };
		9F1A9B312271A0BC004DD56D /* Main.storyboard in Resources */ = {isa = PBXBuildFile; fileRef = 9F1A9B2F2271A0BC004DD56D /* Main.storyboard */; };
		9F1A9B332271A0BD004DD56D /* Assets.xcassets in Resources */ = {isa = PBXBuildFile; fileRef = 9F1A9B322271A0BD004DD56D /* Assets.xcassets */; };
		9F1A9B362271A0BD004DD56D /* LaunchScreen.storyboard in Resources */ = {isa = PBXBuildFile; fileRef = 9F1A9B342271A0BD004DD56D /* LaunchScreen.storyboard */; };
		9F1A9B442271A288004DD56D /* ProductOverviewConfigurator.swift in Sources */ = {isa = PBXBuildFile; fileRef = 9F1A9B3E2271A288004DD56D /* ProductOverviewConfigurator.swift */; };
		9F1A9B452271A288004DD56D /* ProductOverviewViewController.swift in Sources */ = {isa = PBXBuildFile; fileRef = 9F1A9B3F2271A288004DD56D /* ProductOverviewViewController.swift */; };
		9F1A9B472271A288004DD56D /* ProductOverviewInteractor.swift in Sources */ = {isa = PBXBuildFile; fileRef = 9F1A9B412271A288004DD56D /* ProductOverviewInteractor.swift */; };
		9F1A9B482271A288004DD56D /* ProductOverviewPresenter.swift in Sources */ = {isa = PBXBuildFile; fileRef = 9F1A9B422271A288004DD56D /* ProductOverviewPresenter.swift */; };
		9F1A9B492271A288004DD56D /* ProductOverviewRouter.swift in Sources */ = {isa = PBXBuildFile; fileRef = 9F1A9B432271A288004DD56D /* ProductOverviewRouter.swift */; };
		9F1A9B4D2271A30D004DD56D /* Constants.swift in Sources */ = {isa = PBXBuildFile; fileRef = 9F1A9B4C2271A30D004DD56D /* Constants.swift */; };
		9F1A9B502271A371004DD56D /* Extensions .swift in Sources */ = {isa = PBXBuildFile; fileRef = 9F1A9B4F2271A371004DD56D /* Extensions .swift */; };
		9F1A9B522271AAA9004DD56D /* ProductOverviewCell.swift in Sources */ = {isa = PBXBuildFile; fileRef = 9F1A9B512271AAA9004DD56D /* ProductOverviewCell.swift */; };
		9F1A9B552271ACFE004DD56D /* ProductFilterReusableView.swift in Sources */ = {isa = PBXBuildFile; fileRef = 9F1A9B542271ACFE004DD56D /* ProductFilterReusableView.swift */; };
		9F1A9B572271B4DA004DD56D /* Networking.swift in Sources */ = {isa = PBXBuildFile; fileRef = 9F1A9B562271B4DA004DD56D /* Networking.swift */; };
		9F1A9B592271B5E9004DD56D /* Product.swift in Sources */ = {isa = PBXBuildFile; fileRef = 9F1A9B582271B5E9004DD56D /* Product.swift */; };
		9F1A9B5D2271BC26004DD56D /* ApiEndpoint.swift in Sources */ = {isa = PBXBuildFile; fileRef = 9F1A9B5C2271BC26004DD56D /* ApiEndpoint.swift */; };
		9F1A9B5F2271BC38004DD56D /* ApiRequest.swift in Sources */ = {isa = PBXBuildFile; fileRef = 9F1A9B5E2271BC38004DD56D /* ApiRequest.swift */; };
		9F1A9B612271BDA1004DD56D /* APIError.swift in Sources */ = {isa = PBXBuildFile; fileRef = 9F1A9B602271BDA1004DD56D /* APIError.swift */; };
		9F1A9B642271BFAC004DD56D /* ProductOverviewViewModel.swift in Sources */ = {isa = PBXBuildFile; fileRef = 9F1A9B632271BFAC004DD56D /* ProductOverviewViewModel.swift */; };
/* End PBXBuildFile section */

/* Begin PBXFileReference section */
		9F1A9B282271A0BC004DD56D /* Check24.app */ = {isa = PBXFileReference; explicitFileType = wrapper.application; includeInIndex = 0; path = Check24.app; sourceTree = BUILT_PRODUCTS_DIR; };
		9F1A9B2B2271A0BC004DD56D /* AppDelegate.swift */ = {isa = PBXFileReference; lastKnownFileType = sourcecode.swift; path = AppDelegate.swift; sourceTree = "<group>"; };
		9F1A9B302271A0BC004DD56D /* Base */ = {isa = PBXFileReference; lastKnownFileType = file.storyboard; name = Base; path = Base.lproj/Main.storyboard; sourceTree = "<group>"; };
		9F1A9B322271A0BD004DD56D /* Assets.xcassets */ = {isa = PBXFileReference; lastKnownFileType = folder.assetcatalog; path = Assets.xcassets; sourceTree = "<group>"; };
		9F1A9B352271A0BD004DD56D /* Base */ = {isa = PBXFileReference; lastKnownFileType = file.storyboard; name = Base; path = Base.lproj/LaunchScreen.storyboard; sourceTree = "<group>"; };
		9F1A9B372271A0BD004DD56D /* Info.plist */ = {isa = PBXFileReference; lastKnownFileType = text.plist.xml; path = Info.plist; sourceTree = "<group>"; };
		9F1A9B3E2271A288004DD56D /* ProductOverviewConfigurator.swift */ = {isa = PBXFileReference; lastKnownFileType = sourcecode.swift; path = ProductOverviewConfigurator.swift; sourceTree = "<group>"; };
		9F1A9B3F2271A288004DD56D /* ProductOverviewViewController.swift */ = {isa = PBXFileReference; lastKnownFileType = sourcecode.swift; path = ProductOverviewViewController.swift; sourceTree = "<group>"; };
		9F1A9B412271A288004DD56D /* ProductOverviewInteractor.swift */ = {isa = PBXFileReference; lastKnownFileType = sourcecode.swift; path = ProductOverviewInteractor.swift; sourceTree = "<group>"; };
		9F1A9B422271A288004DD56D /* ProductOverviewPresenter.swift */ = {isa = PBXFileReference; lastKnownFileType = sourcecode.swift; path = ProductOverviewPresenter.swift; sourceTree = "<group>"; };
		9F1A9B432271A288004DD56D /* ProductOverviewRouter.swift */ = {isa = PBXFileReference; lastKnownFileType = sourcecode.swift; path = ProductOverviewRouter.swift; sourceTree = "<group>"; };
		9F1A9B4C2271A30D004DD56D /* Constants.swift */ = {isa = PBXFileReference; lastKnownFileType = sourcecode.swift; path = Constants.swift; sourceTree = "<group>"; };
		9F1A9B4F2271A371004DD56D /* Extensions .swift */ = {isa = PBXFileReference; lastKnownFileType = sourcecode.swift; path = "Extensions .swift"; sourceTree = "<group>"; };
		9F1A9B512271AAA9004DD56D /* ProductOverviewCell.swift */ = {isa = PBXFileReference; lastKnownFileType = sourcecode.swift; path = ProductOverviewCell.swift; sourceTree = "<group>"; };
		9F1A9B542271ACFE004DD56D /* ProductFilterReusableView.swift */ = {isa = PBXFileReference; lastKnownFileType = sourcecode.swift; path = ProductFilterReusableView.swift; sourceTree = "<group>"; };
		9F1A9B562271B4DA004DD56D /* Networking.swift */ = {isa = PBXFileReference; lastKnownFileType = sourcecode.swift; path = Networking.swift; sourceTree = "<group>"; };
		9F1A9B582271B5E9004DD56D /* Product.swift */ = {isa = PBXFileReference; lastKnownFileType = sourcecode.swift; path = Product.swift; sourceTree = "<group>"; };
		9F1A9B5C2271BC26004DD56D /* ApiEndpoint.swift */ = {isa = PBXFileReference; lastKnownFileType = sourcecode.swift; path = ApiEndpoint.swift; sourceTree = "<group>"; };
		9F1A9B5E2271BC38004DD56D /* ApiRequest.swift */ = {isa = PBXFileReference; lastKnownFileType = sourcecode.swift; path = ApiRequest.swift; sourceTree = "<group>"; };
		9F1A9B602271BDA1004DD56D /* APIError.swift */ = {isa = PBXFileReference; lastKnownFileType = sourcecode.swift; path = APIError.swift; sourceTree = "<group>"; };
		9F1A9B632271BFAC004DD56D /* ProductOverviewViewModel.swift */ = {isa = PBXFileReference; lastKnownFileType = sourcecode.swift; path = ProductOverviewViewModel.swift; sourceTree = "<group>"; };
/* End PBXFileReference section */

/* Begin PBXFrameworksBuildPhase section */
		9F1A9B252271A0BC004DD56D /* Frameworks */ = {
			isa = PBXFrameworksBuildPhase;
			buildActionMask = 2147483647;
			files = (
			);
			runOnlyForDeploymentPostprocessing = 0;
		};
/* End PBXFrameworksBuildPhase section */

/* Begin PBXGroup section */
		9F1A9B1F2271A0BC004DD56D = {
			isa = PBXGroup;
			children = (
				9F1A9B2A2271A0BC004DD56D /* Check24 */,
				9F1A9B292271A0BC004DD56D /* Products */,
			);
			sourceTree = "<group>";
		};
		9F1A9B292271A0BC004DD56D /* Products */ = {
			isa = PBXGroup;
			children = (
				9F1A9B282271A0BC004DD56D /* Check24.app */,
			);
			name = Products;
			sourceTree = "<group>";
		};
		9F1A9B2A2271A0BC004DD56D /* Check24 */ = {
			isa = PBXGroup;
			children = (
				9F1A9B4B2271A297004DD56D /* Scenes */,
				9F1A9B3D2271A21A004DD56D /* Supporting Files */,
				9F1A9B4E2271A340004DD56D /* Resources */,
				9F1A9B5A2271BC08004DD56D /* Services */,
				9F1A9B5B2271BC11004DD56D /* Models */,
			);
			path = Check24;
			sourceTree = "<group>";
		};
		9F1A9B3D2271A21A004DD56D /* Supporting Files */ = {
			isa = PBXGroup;
			children = (
				9F1A9B2B2271A0BC004DD56D /* AppDelegate.swift */,
				9F1A9B4C2271A30D004DD56D /* Constants.swift */,
				9F1A9B4F2271A371004DD56D /* Extensions .swift */,
			);
			path = "Supporting Files";
			sourceTree = "<group>";
		};
		9F1A9B4A2271A28C004DD56D /* Product Overview */ = {
			isa = PBXGroup;
			children = (
				9F1A9B3E2271A288004DD56D /* ProductOverviewConfigurator.swift */,
				9F1A9B3F2271A288004DD56D /* ProductOverviewViewController.swift */,
				9F1A9B412271A288004DD56D /* ProductOverviewInteractor.swift */,
				9F1A9B422271A288004DD56D /* ProductOverviewPresenter.swift */,
				9F1A9B432271A288004DD56D /* ProductOverviewRouter.swift */,
				9F1A9B532271AC94004DD56D /* Views */,
				9F1A9B652271BFB0004DD56D /* Models */,
			);
			path = "Product Overview";
			sourceTree = "<group>";
		};
		9F1A9B4B2271A297004DD56D /* Scenes */ = {
			isa = PBXGroup;
			children = (
				9F1A9B4A2271A28C004DD56D /* Product Overview */,
			);
			path = Scenes;
			sourceTree = "<group>";
		};
		9F1A9B4E2271A340004DD56D /* Resources */ = {
			isa = PBXGroup;
			children = (
				9F1A9B2F2271A0BC004DD56D /* Main.storyboard */,
				9F1A9B322271A0BD004DD56D /* Assets.xcassets */,
				9F1A9B342271A0BD004DD56D /* LaunchScreen.storyboard */,
				9F1A9B372271A0BD004DD56D /* Info.plist */,
			);
			path = Resources;
			sourceTree = "<group>";
		};
		9F1A9B532271AC94004DD56D /* Views */ = {
			isa = PBXGroup;
			children = (
				9F1A9B512271AAA9004DD56D /* ProductOverviewCell.swift */,
				9F1A9B542271ACFE004DD56D /* ProductFilterReusableView.swift */,
			);
			path = Views;
			sourceTree = "<group>";
		};
		9F1A9B5A2271BC08004DD56D /* Services */ = {
			isa = PBXGroup;
			children = (
				9F1A9B622271BE8A004DD56D /* Networking */,
			);
			path = Services;
			sourceTree = "<group>";
		};
		9F1A9B5B2271BC11004DD56D /* Models */ = {
			isa = PBXGroup;
			children = (
				9F1A9B582271B5E9004DD56D /* Product.swift */,
			);
			path = Models;
			sourceTree = "<group>";
		};
		9F1A9B622271BE8A004DD56D /* Networking */ = {
			isa = PBXGroup;
			children = (
				9F1A9B562271B4DA004DD56D /* Networking.swift */,
				9F1A9B5C2271BC26004DD56D /* ApiEndpoint.swift */,
				9F1A9B5E2271BC38004DD56D /* ApiRequest.swift */,
				9F1A9B602271BDA1004DD56D /* APIError.swift */,
			);
			path = Networking;
			sourceTree = "<group>";
		};
		9F1A9B652271BFB0004DD56D /* Models */ = {
			isa = PBXGroup;
			children = (
				9F1A9B632271BFAC004DD56D /* ProductOverviewViewModel.swift */,
			);
			path = Models;
			sourceTree = "<group>";
		};
/* End PBXGroup section */

/* Begin PBXNativeTarget section */
		9F1A9B272271A0BC004DD56D /* Check24 */ = {
			isa = PBXNativeTarget;
			buildConfigurationList = 9F1A9B3A2271A0BD004DD56D /* Build configuration list for PBXNativeTarget "Check24" */;
			buildPhases = (
				9F1A9B242271A0BC004DD56D /* Sources */,
				9F1A9B252271A0BC004DD56D /* Frameworks */,
				9F1A9B262271A0BC004DD56D /* Resources */,
			);
			buildRules = (
			);
			dependencies = (
			);
			name = Check24;
			productName = Check24;
			productReference = 9F1A9B282271A0BC004DD56D /* Check24.app */;
			productType = "com.apple.product-type.application";
		};
/* End PBXNativeTarget section */

/* Begin PBXProject section */
		9F1A9B202271A0BC004DD56D /* Project object */ = {
			isa = PBXProject;
			attributes = {
				LastSwiftUpdateCheck = 1010;
				LastUpgradeCheck = 1010;
				ORGANIZATIONNAME = "Anton Kharchevskyi";
				TargetAttributes = {
					9F1A9B272271A0BC004DD56D = {
						CreatedOnToolsVersion = 10.1;
					};
				};
			};
			buildConfigurationList = 9F1A9B232271A0BC004DD56D /* Build configuration list for PBXProject "Check24" */;
			compatibilityVersion = "Xcode 9.3";
			developmentRegion = en;
			hasScannedForEncodings = 0;
			knownRegions = (
				en,
				Base,
			);
			mainGroup = 9F1A9B1F2271A0BC004DD56D;
			productRefGroup = 9F1A9B292271A0BC004DD56D /* Products */;
			projectDirPath = "";
			projectRoot = "";
			targets = (
				9F1A9B272271A0BC004DD56D /* Check24 */,
			);
		};
/* End PBXProject section */

/* Begin PBXResourcesBuildPhase section */
		9F1A9B262271A0BC004DD56D /* Resources */ = {
			isa = PBXResourcesBuildPhase;
			buildActionMask = 2147483647;
			files = (
				9F1A9B362271A0BD004DD56D /* LaunchScreen.storyboard in Resources */,
				9F1A9B332271A0BD004DD56D /* Assets.xcassets in Resources */,
				9F1A9B312271A0BC004DD56D /* Main.storyboard in Resources */,
			);
			runOnlyForDeploymentPostprocessing = 0;
		};
/* End PBXResourcesBuildPhase section */

/* Begin PBXSourcesBuildPhase section */
		9F1A9B242271A0BC004DD56D /* Sources */ = {
			isa = PBXSourcesBuildPhase;
			buildActionMask = 2147483647;
			files = (
				9F1A9B442271A288004DD56D /* ProductOverviewConfigurator.swift in Sources */,
				9F1A9B572271B4DA004DD56D /* Networking.swift in Sources */,
				9F1A9B492271A288004DD56D /* ProductOverviewRouter.swift in Sources */,
				9F1A9B5D2271BC26004DD56D /* ApiEndpoint.swift in Sources */,
				9F1A9B452271A288004DD56D /* ProductOverviewViewController.swift in Sources */,
				9F1A9B472271A288004DD56D /* ProductOverviewInteractor.swift in Sources */,
				9F1A9B592271B5E9004DD56D /* Product.swift in Sources */,
				9F1A9B502271A371004DD56D /* Extensions .swift in Sources */,
				9F1A9B612271BDA1004DD56D /* APIError.swift in Sources */,
				9F1A9B4D2271A30D004DD56D /* Constants.swift in Sources */,
				9F1A9B522271AAA9004DD56D /* ProductOverviewCell.swift in Sources */,
				9F1A9B2C2271A0BC004DD56D /* AppDelegate.swift in Sources */,
				9F1A9B482271A288004DD56D /* ProductOverviewPresenter.swift in Sources */,
				9F1A9B642271BFAC004DD56D /* ProductOverviewViewModel.swift in Sources */,
				9F1A9B5F2271BC38004DD56D /* ApiRequest.swift in Sources */,
				9F1A9B552271ACFE004DD56D /* ProductFilterReusableView.swift in Sources */,
			);
			runOnlyForDeploymentPostprocessing = 0;
		};
/* End PBXSourcesBuildPhase section */

/* Begin PBXVariantGroup section */
		9F1A9B2F2271A0BC004DD56D /* Main.storyboard */ = {
			isa = PBXVariantGroup;
			children = (
				9F1A9B302271A0BC004DD56D /* Base */,
			);
			name = Main.storyboard;
			sourceTree = "<group>";
		};
		9F1A9B342271A0BD004DD56D /* LaunchScreen.storyboard */ = {
			isa = PBXVariantGroup;
			children = (
				9F1A9B352271A0BD004DD56D /* Base */,
			);
			name = LaunchScreen.storyboard;
			sourceTree = "<group>";
		};
/* End PBXVariantGroup section */

/* Begin XCBuildConfiguration section */
		9F1A9B382271A0BD004DD56D /* Debug */ = {
			isa = XCBuildConfiguration;
			buildSettings = {
				ALWAYS_SEARCH_USER_PATHS = NO;
				CLANG_ANALYZER_NONNULL = YES;
				CLANG_ANALYZER_NUMBER_OBJECT_CONVERSION = YES_AGGRESSIVE;
				CLANG_CXX_LANGUAGE_STANDARD = "gnu++14";
				CLANG_CXX_LIBRARY = "libc++";
				CLANG_ENABLE_MODULES = YES;
				CLANG_ENABLE_OBJC_ARC = YES;
				CLANG_ENABLE_OBJC_WEAK = YES;
				CLANG_WARN_BLOCK_CAPTURE_AUTORELEASING = YES;
				CLANG_WARN_BOOL_CONVERSION = YES;
				CLANG_WARN_COMMA = YES;
				CLANG_WARN_CONSTANT_CONVERSION = YES;
				CLANG_WARN_DEPRECATED_OBJC_IMPLEMENTATIONS = YES;
				CLANG_WARN_DIRECT_OBJC_ISA_USAGE = YES_ERROR;
				CLANG_WARN_DOCUMENTATION_COMMENTS = YES;
				CLANG_WARN_EMPTY_BODY = YES;
				CLANG_WARN_ENUM_CONVERSION = YES;
				CLANG_WARN_INFINITE_RECURSION = YES;
				CLANG_WARN_INT_CONVERSION = YES;
				CLANG_WARN_NON_LITERAL_NULL_CONVERSION = YES;
				CLANG_WARN_OBJC_IMPLICIT_RETAIN_SELF = YES;
				CLANG_WARN_OBJC_LITERAL_CONVERSION = YES;
				CLANG_WARN_OBJC_ROOT_CLASS = YES_ERROR;
				CLANG_WARN_RANGE_LOOP_ANALYSIS = YES;
				CLANG_WARN_STRICT_PROTOTYPES = YES;
				CLANG_WARN_SUSPICIOUS_MOVE = YES;
				CLANG_WARN_UNGUARDED_AVAILABILITY = YES_AGGRESSIVE;
				CLANG_WARN_UNREACHABLE_CODE = YES;
				CLANG_WARN__DUPLICATE_METHOD_MATCH = YES;
				CODE_SIGN_IDENTITY = "iPhone Developer";
				COPY_PHASE_STRIP = NO;
				DEBUG_INFORMATION_FORMAT = dwarf;
				ENABLE_STRICT_OBJC_MSGSEND = YES;
				ENABLE_TESTABILITY = YES;
				GCC_C_LANGUAGE_STANDARD = gnu11;
				GCC_DYNAMIC_NO_PIC = NO;
				GCC_NO_COMMON_BLOCKS = YES;
				GCC_OPTIMIZATION_LEVEL = 0;
				GCC_PREPROCESSOR_DEFINITIONS = (
					"DEBUG=1",
					"$(inherited)",
				);
				GCC_WARN_64_TO_32_BIT_CONVERSION = YES;
				GCC_WARN_ABOUT_RETURN_TYPE = YES_ERROR;
				GCC_WARN_UNDECLARED_SELECTOR = YES;
				GCC_WARN_UNINITIALIZED_AUTOS = YES_AGGRESSIVE;
				GCC_WARN_UNUSED_FUNCTION = YES;
				GCC_WARN_UNUSED_VARIABLE = YES;
				IPHONEOS_DEPLOYMENT_TARGET = 12.1;
				MTL_ENABLE_DEBUG_INFO = INCLUDE_SOURCE;
				MTL_FAST_MATH = YES;
				ONLY_ACTIVE_ARCH = YES;
				SDKROOT = iphoneos;
				SWIFT_ACTIVE_COMPILATION_CONDITIONS = DEBUG;
				SWIFT_OPTIMIZATION_LEVEL = "-Onone";
			};
			name = Debug;
		};
		9F1A9B392271A0BD004DD56D /* Release */ = {
			isa = XCBuildConfiguration;
			buildSettings = {
				ALWAYS_SEARCH_USER_PATHS = NO;
				CLANG_ANALYZER_NONNULL = YES;
				CLANG_ANALYZER_NUMBER_OBJECT_CONVERSION = YES_AGGRESSIVE;
				CLANG_CXX_LANGUAGE_STANDARD = "gnu++14";
				CLANG_CXX_LIBRARY = "libc++";
				CLANG_ENABLE_MODULES = YES;
				CLANG_ENABLE_OBJC_ARC = YES;
				CLANG_ENABLE_OBJC_WEAK = YES;
				CLANG_WARN_BLOCK_CAPTURE_AUTORELEASING = YES;
				CLANG_WARN_BOOL_CONVERSION = YES;
				CLANG_WARN_COMMA = YES;
				CLANG_WARN_CONSTANT_CONVERSION = YES;
				CLANG_WARN_DEPRECATED_OBJC_IMPLEMENTATIONS = YES;
				CLANG_WARN_DIRECT_OBJC_ISA_USAGE = YES_ERROR;
				CLANG_WARN_DOCUMENTATION_COMMENTS = YES;
				CLANG_WARN_EMPTY_BODY = YES;
				CLANG_WARN_ENUM_CONVERSION = YES;
				CLANG_WARN_INFINITE_RECURSION = YES;
				CLANG_WARN_INT_CONVERSION = YES;
				CLANG_WARN_NON_LITERAL_NULL_CONVERSION = YES;
				CLANG_WARN_OBJC_IMPLICIT_RETAIN_SELF = YES;
				CLANG_WARN_OBJC_LITERAL_CONVERSION = YES;
				CLANG_WARN_OBJC_ROOT_CLASS = YES_ERROR;
				CLANG_WARN_RANGE_LOOP_ANALYSIS = YES;
				CLANG_WARN_STRICT_PROTOTYPES = YES;
				CLANG_WARN_SUSPICIOUS_MOVE = YES;
				CLANG_WARN_UNGUARDED_AVAILABILITY = YES_AGGRESSIVE;
				CLANG_WARN_UNREACHABLE_CODE = YES;
				CLANG_WARN__DUPLICATE_METHOD_MATCH = YES;
				CODE_SIGN_IDENTITY = "iPhone Developer";
				COPY_PHASE_STRIP = NO;
				DEBUG_INFORMATION_FORMAT = "dwarf-with-dsym";
				ENABLE_NS_ASSERTIONS = NO;
				ENABLE_STRICT_OBJC_MSGSEND = YES;
				GCC_C_LANGUAGE_STANDARD = gnu11;
				GCC_NO_COMMON_BLOCKS = YES;
				GCC_WARN_64_TO_32_BIT_CONVERSION = YES;
				GCC_WARN_ABOUT_RETURN_TYPE = YES_ERROR;
				GCC_WARN_UNDECLARED_SELECTOR = YES;
				GCC_WARN_UNINITIALIZED_AUTOS = YES_AGGRESSIVE;
				GCC_WARN_UNUSED_FUNCTION = YES;
				GCC_WARN_UNUSED_VARIABLE = YES;
				IPHONEOS_DEPLOYMENT_TARGET = 12.1;
				MTL_ENABLE_DEBUG_INFO = NO;
				MTL_FAST_MATH = YES;
				SDKROOT = iphoneos;
				SWIFT_COMPILATION_MODE = wholemodule;
				SWIFT_OPTIMIZATION_LEVEL = "-O";
				VALIDATE_PRODUCT = YES;
			};
			name = Release;
		};
		9F1A9B3B2271A0BD004DD56D /* Debug */ = {
			isa = XCBuildConfiguration;
			buildSettings = {
				ASSETCATALOG_COMPILER_APPICON_NAME = AppIcon;
				CODE_SIGN_STYLE = Automatic;
				DEVELOPMENT_TEAM = BS64L7F579;
				INFOPLIST_FILE = Check24/Resources/Info.plist;
				LD_RUNPATH_SEARCH_PATHS = (
					"$(inherited)",
					"@executable_path/Frameworks",
				);
				PRODUCT_BUNDLE_IDENTIFIER = ANT.Check24;
				PRODUCT_NAME = "$(TARGET_NAME)";
				SWIFT_VERSION = 4.2;
				TARGETED_DEVICE_FAMILY = "1,2";
			};
			name = Debug;
		};
		9F1A9B3C2271A0BD004DD56D /* Release */ = {
			isa = XCBuildConfiguration;
			buildSettings = {
				ASSETCATALOG_COMPILER_APPICON_NAME = AppIcon;
				CODE_SIGN_STYLE = Automatic;
				DEVELOPMENT_TEAM = BS64L7F579;
				INFOPLIST_FILE = Check24/Resources/Info.plist;
				LD_RUNPATH_SEARCH_PATHS = (
					"$(inherited)",
					"@executable_path/Frameworks",
				);
				PRODUCT_BUNDLE_IDENTIFIER = ANT.Check24;
				PRODUCT_NAME = "$(TARGET_NAME)";
				SWIFT_VERSION = 4.2;
				TARGETED_DEVICE_FAMILY = "1,2";
			};
			name = Release;
		};
/* End XCBuildConfiguration section */

/* Begin XCConfigurationList section */
		9F1A9B232271A0BC004DD56D /* Build configuration list for PBXProject "Check24" */ = {
			isa = XCConfigurationList;
			buildConfigurations = (
				9F1A9B382271A0BD004DD56D /* Debug */,
				9F1A9B392271A0BD004DD56D /* Release */,
			);
			defaultConfigurationIsVisible = 0;
			defaultConfigurationName = Release;
		};
		9F1A9B3A2271A0BD004DD56D /* Build configuration list for PBXNativeTarget "Check24" */ = {
			isa = XCConfigurationList;
			buildConfigurations = (
				9F1A9B3B2271A0BD004DD56D /* Debug */,
				9F1A9B3C2271A0BD004DD56D /* Release */,
			);
			defaultConfigurationIsVisible = 0;
			defaultConfigurationName = Release;
		};
/* End XCConfigurationList section */
	};
	rootObject = 9F1A9B202271A0BC004DD56D /* Project object */;
}
